{
    "name": "newsapi-javascript-client",
    "version": "1.0.0",
    "lockfileVersion": 2,
    "requires": true,
    "packages": {
        "": {
            "name": "newsapi-javascript-client",
            "version": "1.0.0",
            "license": "MIT",
            "devDependencies": {
                "@types/node": "^20.4.2",
                "typescript": "^4.2.2"
            }
        },
        "node_modules/@types/node": {
            "version": "20.4.2",
            "resolved": "https://registry.npmjs.org/@types/node/-/node-20.4.2.tgz",
            "integrity": "sha512-Dd0BYtWgnWJKwO1jkmTrzofjK2QXXcai0dmtzvIBhcA+RsG5h8R3xlyta0kGOZRNfL9GuRtb1knmPEhQrePCEw==",
            "dev": true
        },
        "node_modules/typescript": {
            "version": "4.2.2",
            "resolved": "https://registry.npmjs.org/typescript/-/typescript-4.2.2.tgz",
            "integrity": "sha512-tbb+NVrLfnsJy3M59lsDgrzWIflR4d4TIUjz+heUnHZwdF7YsrMTKoRERiIvI2lvBG95dfpLxB21WZhys1bgaQ==",
            "dev": true,
            "bin": {
                "tsc": "bin/tsc",
                "tsserver": "bin/tsserver"
            },
            "engines": {
                "node": ">=4.2.0"
            }
        }
    },
    "dependencies": {
        "@types/node": {
            "version": "20.4.2",
            "resolved": "https://registry.npmjs.org/@types/node/-/node-20.4.2.tgz",
            "integrity": "sha512-Dd0BYtWgnWJKwO1jkmTrzofjK2QXXcai0dmtzvIBhcA+RsG5h8R3xlyta0kGOZRNfL9GuRtb1knmPEhQrePCEw==",
            "dev": true
        },
        "typescript": {
            "version": "4.2.2",
            "resolved": "https://registry.npmjs.org/typescript/-/typescript-4.2.2.tgz",
            "integrity": "sha512-tbb+NVrLfnsJy3M59lsDgrzWIflR4d4TIUjz+heUnHZwdF7YsrMTKoRERiIvI2lvBG95dfpLxB21WZhys1bgaQ==",
            "dev": true
        }
    }
}
